// !$*UTF8*$!
{
	archiveVersion = 1;
	classes = {
	};
	objectVersion = 50;
	objects = {

/* Begin PBXBuildFile section */
		B6E3E146215E48760041C076 /* AppDelegate.swift in Sources */ = {isa = PBXBuildFile; fileRef = B6E3E145215E48760041C076 /* AppDelegate.swift */; };
		B6EE1DE6215E49080088CBAF /* Error.swift in Sources */ = {isa = PBXBuildFile; fileRef = B6EE1DE5215E49080088CBAF /* Error.swift */; };
		B6EE1DE8215E49180088CBAF /* NotificationNames.swift in Sources */ = {isa = PBXBuildFile; fileRef = B6EE1DE7215E49180088CBAF /* NotificationNames.swift */; };
		B6EE1DEC215E49500088CBAF /* ItemsReceivedDelegate.swift in Sources */ = {isa = PBXBuildFile; fileRef = B6EE1DE9215E49500088CBAF /* ItemsReceivedDelegate.swift */; };
		B6EE1DED215E49500088CBAF /* DeliveryItemTableViewCell.swift in Sources */ = {isa = PBXBuildFile; fileRef = B6EE1DEA215E49500088CBAF /* DeliveryItemTableViewCell.swift */; };
		B6EE1DF0215E49820088CBAF /* Launch Screen.storyboard in Resources */ = {isa = PBXBuildFile; fileRef = B6EE1DEF215E49820088CBAF /* Launch Screen.storyboard */; };
		B6EE1DFF215E49B60088CBAF /* Ehem.xcdatamodeld in Sources */ = {isa = PBXBuildFile; fileRef = B6EE1DF8215E49B60088CBAF /* Ehem.xcdatamodeld */; };
		B6EE1E00215E49B60088CBAF /* MainViewController.swift in Sources */ = {isa = PBXBuildFile; fileRef = B6EE1DFB215E49B60088CBAF /* MainViewController.swift */; };
		B6EE1E01215E49B60088CBAF /* DeliveryDetails.swift in Sources */ = {isa = PBXBuildFile; fileRef = B6EE1DFC215E49B60088CBAF /* DeliveryDetails.swift */; };
		B6EE1E02215E49B60088CBAF /* MainViewPresenter.swift in Sources */ = {isa = PBXBuildFile; fileRef = B6EE1DFE215E49B60088CBAF /* MainViewPresenter.swift */; };
		B6EE1E04215E4A580088CBAF /* Assets.xcassets in Resources */ = {isa = PBXBuildFile; fileRef = B6EE1E03215E4A580088CBAF /* Assets.xcassets */; };
		DFAB7E7145995C03DD5267DD /* Pods_Ehem.framework in Frameworks */ = {isa = PBXBuildFile; fileRef = 1BD43284E5C62FD11BD4D394 /* Pods_Ehem.framework */; };
/* End PBXBuildFile section */

/* Begin PBXFileReference section */
		1BD43284E5C62FD11BD4D394 /* Pods_Ehem.framework */ = {isa = PBXFileReference; explicitFileType = wrapper.framework; includeInIndex = 0; path = Pods_Ehem.framework; sourceTree = BUILT_PRODUCTS_DIR; };
		B6E3E142215E48760041C076 /* Ehem.app */ = {isa = PBXFileReference; explicitFileType = wrapper.application; includeInIndex = 0; path = Ehem.app; sourceTree = BUILT_PRODUCTS_DIR; };
		B6E3E145215E48760041C076 /* AppDelegate.swift */ = {isa = PBXFileReference; lastKnownFileType = sourcecode.swift; path = AppDelegate.swift; sourceTree = "<group>"; };
		B6E3E154215E48760041C076 /* Info.plist */ = {isa = PBXFileReference; lastKnownFileType = text.plist.xml; path = Info.plist; sourceTree = "<group>"; };
		B6EE1DE5215E49080088CBAF /* Error.swift */ = {isa = PBXFileReference; lastKnownFileType = sourcecode.swift; path = Error.swift; sourceTree = "<group>"; };
		B6EE1DE7215E49180088CBAF /* NotificationNames.swift */ = {isa = PBXFileReference; lastKnownFileType = sourcecode.swift; path = NotificationNames.swift; sourceTree = "<group>"; };
		B6EE1DE9215E49500088CBAF /* ItemsReceivedDelegate.swift */ = {isa = PBXFileReference; fileEncoding = 4; lastKnownFileType = sourcecode.swift; path = ItemsReceivedDelegate.swift; sourceTree = "<group>"; };
		B6EE1DEA215E49500088CBAF /* DeliveryItemTableViewCell.swift */ = {isa = PBXFileReference; fileEncoding = 4; lastKnownFileType = sourcecode.swift; path = DeliveryItemTableViewCell.swift; sourceTree = "<group>"; };
		B6EE1DEF215E49820088CBAF /* Launch Screen.storyboard */ = {isa = PBXFileReference; lastKnownFileType = file.storyboard; path = "Launch Screen.storyboard"; sourceTree = "<group>"; };
		B6EE1DF9215E49B60088CBAF /* Lalamove.xcdatamodel */ = {isa = PBXFileReference; lastKnownFileType = wrapper.xcdatamodel; path = Lalamove.xcdatamodel; sourceTree = "<group>"; };
		B6EE1DFB215E49B60088CBAF /* MainViewController.swift */ = {isa = PBXFileReference; fileEncoding = 4; lastKnownFileType = sourcecode.swift; path = MainViewController.swift; sourceTree = "<group>"; };
		B6EE1DFC215E49B60088CBAF /* DeliveryDetails.swift */ = {isa = PBXFileReference; fileEncoding = 4; lastKnownFileType = sourcecode.swift; path = DeliveryDetails.swift; sourceTree = "<group>"; };
		B6EE1DFE215E49B60088CBAF /* MainViewPresenter.swift */ = {isa = PBXFileReference; fileEncoding = 4; lastKnownFileType = sourcecode.swift; path = MainViewPresenter.swift; sourceTree = "<group>"; };
		B6EE1E03215E4A580088CBAF /* Assets.xcassets */ = {isa = PBXFileReference; lastKnownFileType = folder.assetcatalog; path = Assets.xcassets; sourceTree = "<group>"; };
		D42D2747485197FCC7D12DB9 /* Pods-Ehem.release.xcconfig */ = {isa = PBXFileReference; includeInIndex = 1; lastKnownFileType = text.xcconfig; name = "Pods-Ehem.release.xcconfig"; path = "Pods/Target Support Files/Pods-Ehem/Pods-Ehem.release.xcconfig"; sourceTree = "<group>"; };
		F533A470B0CF5E0DDA84E64F /* Pods-Ehem.debug.xcconfig */ = {isa = PBXFileReference; includeInIndex = 1; lastKnownFileType = text.xcconfig; name = "Pods-Ehem.debug.xcconfig"; path = "Pods/Target Support Files/Pods-Ehem/Pods-Ehem.debug.xcconfig"; sourceTree = "<group>"; };
/* End PBXFileReference section */

/* Begin PBXFrameworksBuildPhase section */
		B6E3E13F215E48760041C076 /* Frameworks */ = {
			isa = PBXFrameworksBuildPhase;
			buildActionMask = 2147483647;
			files = (
				DFAB7E7145995C03DD5267DD /* Pods_Ehem.framework in Frameworks */,
			);
			runOnlyForDeploymentPostprocessing = 0;
		};
/* End PBXFrameworksBuildPhase section */

/* Begin PBXGroup section */
		3E7FDA29C0E8598E9DC1A774 /* Frameworks */ = {
			isa = PBXGroup;
			children = (
				1BD43284E5C62FD11BD4D394 /* Pods_Ehem.framework */,
			);
			name = Frameworks;
			sourceTree = "<group>";
		};
		3F84C41F830F0C15CD5D7996 /* Pods */ = {
			isa = PBXGroup;
			children = (
				F533A470B0CF5E0DDA84E64F /* Pods-Ehem.debug.xcconfig */,
				D42D2747485197FCC7D12DB9 /* Pods-Ehem.release.xcconfig */,
			);
			name = Pods;
			sourceTree = "<group>";
		};
		B6E3E139215E48760041C076 = {
			isa = PBXGroup;
			children = (
				B6E3E144215E48760041C076 /* Ehem */,
				B6E3E143215E48760041C076 /* Products */,
				3F84C41F830F0C15CD5D7996 /* Pods */,
				3E7FDA29C0E8598E9DC1A774 /* Frameworks */,
			);
			sourceTree = "<group>";
		};
		B6E3E143215E48760041C076 /* Products */ = {
			isa = PBXGroup;
			children = (
				B6E3E142215E48760041C076 /* Ehem.app */,
			);
			name = Products;
			sourceTree = "<group>";
		};
		B6E3E144215E48760041C076 /* Ehem */ = {
			isa = PBXGroup;
			children = (
				B6EE1DE4215E48FA0088CBAF /* Base */,
				B6EE1DFA215E49B60088CBAF /* Controllers */,
				B6EE1DF7215E49B60088CBAF /* Models */,
				B6EE1DFD215E49B60088CBAF /* Presenter */,
				B6E3E145215E48760041C076 /* AppDelegate.swift */,
				B6EE1E03215E4A580088CBAF /* Assets.xcassets */,
				B6E3E154215E48760041C076 /* Info.plist */,
			);
			path = Ehem;
			sourceTree = "<group>";
		};
		B6EE1DE4215E48FA0088CBAF /* Base */ = {
			isa = PBXGroup;
			children = (
				B6EE1DEF215E49820088CBAF /* Launch Screen.storyboard */,
				B6EE1DE5215E49080088CBAF /* Error.swift */,
				B6EE1DE7215E49180088CBAF /* NotificationNames.swift */,
				B6EE1DEA215E49500088CBAF /* DeliveryItemTableViewCell.swift */,
				B6EE1DE9215E49500088CBAF /* ItemsReceivedDelegate.swift */,
			);
			path = Base;
			sourceTree = "<group>";
		};
		B6EE1DF7215E49B60088CBAF /* Models */ = {
			isa = PBXGroup;
			children = (
				B6EE1DF8215E49B60088CBAF /* Ehem.xcdatamodeld */,
			);
			path = Models;
			sourceTree = "<group>";
		};
		B6EE1DFA215E49B60088CBAF /* Controllers */ = {
			isa = PBXGroup;
			children = (
				B6EE1DFB215E49B60088CBAF /* MainViewController.swift */,
				B6EE1DFC215E49B60088CBAF /* DeliveryDetails.swift */,
			);
			path = Controllers;
			sourceTree = "<group>";
		};
		B6EE1DFD215E49B60088CBAF /* Presenter */ = {
			isa = PBXGroup;
			children = (
				B6EE1DFE215E49B60088CBAF /* MainViewPresenter.swift */,
			);
			path = Presenter;
			sourceTree = "<group>";
		};
/* End PBXGroup section */

/* Begin PBXNativeTarget section */
		B6E3E141215E48760041C076 /* Ehem */ = {
			isa = PBXNativeTarget;
			buildConfigurationList = B6E3E157215E48760041C076 /* Build configuration list for PBXNativeTarget "Ehem" */;
			buildPhases = (
				BB647CD01A77608273C50BC3 /* [CP] Check Pods Manifest.lock */,
				B6E3E13E215E48760041C076 /* Sources */,
				B6E3E13F215E48760041C076 /* Frameworks */,
				B6E3E140215E48760041C076 /* Resources */,
				E9595B88A93DA0067F878BA1 /* [CP] Embed Pods Frameworks */,
			);
			buildRules = (
			);
			dependencies = (
			);
			name = Ehem;
			productName = Ehem;
			productReference = B6E3E142215E48760041C076 /* Ehem.app */;
			productType = "com.apple.product-type.application";
		};
/* End PBXNativeTarget section */

/* Begin PBXProject section */
		B6E3E13A215E48760041C076 /* Project object */ = {
			isa = PBXProject;
			attributes = {
				LastSwiftUpdateCheck = 1000;
				LastUpgradeCheck = 1000;
				ORGANIZATIONNAME = "Moussa Tech";
				TargetAttributes = {
					B6E3E141215E48760041C076 = {
						CreatedOnToolsVersion = 10.0;
					};
				};
			};
			buildConfigurationList = B6E3E13D215E48760041C076 /* Build configuration list for PBXProject "Ehem" */;
			compatibilityVersion = "Xcode 9.3";
			developmentRegion = en;
			hasScannedForEncodings = 0;
			knownRegions = (
				en,
				Base,
			);
			mainGroup = B6E3E139215E48760041C076;
			productRefGroup = B6E3E143215E48760041C076 /* Products */;
			projectDirPath = "";
			projectRoot = "";
			targets = (
				B6E3E141215E48760041C076 /* Ehem */,
			);
		};
/* End PBXProject section */

/* Begin PBXResourcesBuildPhase section */
		B6E3E140215E48760041C076 /* Resources */ = {
			isa = PBXResourcesBuildPhase;
			buildActionMask = 2147483647;
			files = (
				B6EE1E04215E4A580088CBAF /* Assets.xcassets in Resources */,
				B6EE1DF0215E49820088CBAF /* Launch Screen.storyboard in Resources */,
			);
			runOnlyForDeploymentPostprocessing = 0;
		};
/* End PBXResourcesBuildPhase section */

/* Begin PBXShellScriptBuildPhase section */
		BB647CD01A77608273C50BC3 /* [CP] Check Pods Manifest.lock */ = {
			isa = PBXShellScriptBuildPhase;
			buildActionMask = 2147483647;
			files = (
			);
			inputPaths = (
				"${PODS_PODFILE_DIR_PATH}/Podfile.lock",
				"${PODS_ROOT}/Manifest.lock",
			);
			name = "[CP] Check Pods Manifest.lock";
			outputPaths = (
				"$(DERIVED_FILE_DIR)/Pods-Ehem-checkManifestLockResult.txt",
			);
			runOnlyForDeploymentPostprocessing = 0;
			shellPath = /bin/sh;
			shellScript = "diff \"${PODS_PODFILE_DIR_PATH}/Podfile.lock\" \"${PODS_ROOT}/Manifest.lock\" > /dev/null\nif [ $? != 0 ] ; then\n    # print error to STDERR\n    echo \"error: The sandbox is not in sync with the Podfile.lock. Run 'pod install' or update your CocoaPods installation.\" >&2\n    exit 1\nfi\n# This output is used by Xcode 'outputs' to avoid re-running this script phase.\necho \"SUCCESS\" > \"${SCRIPT_OUTPUT_FILE_0}\"\n";
			showEnvVarsInLog = 0;
		};
		E9595B88A93DA0067F878BA1 /* [CP] Embed Pods Frameworks */ = {
			isa = PBXShellScriptBuildPhase;
			buildActionMask = 2147483647;
			files = (
			);
			inputPaths = (
				"${SRCROOT}/Pods/Target Support Files/Pods-Ehem/Pods-Ehem-frameworks.sh",
				"${BUILT_PRODUCTS_DIR}/Alamofire/Alamofire.framework",
				"${BUILT_PRODUCTS_DIR}/SwiftyJSON/SwiftyJSON.framework",
			);
			name = "[CP] Embed Pods Frameworks";
			outputPaths = (
				"${TARGET_BUILD_DIR}/${FRAMEWORKS_FOLDER_PATH}/Alamofire.framework",
				"${TARGET_BUILD_DIR}/${FRAMEWORKS_FOLDER_PATH}/SwiftyJSON.framework",
			);
			runOnlyForDeploymentPostprocessing = 0;
			shellPath = /bin/sh;
			shellScript = "\"${SRCROOT}/Pods/Target Support Files/Pods-Ehem/Pods-Ehem-frameworks.sh\"\n";
			showEnvVarsInLog = 0;
		};
/* End PBXShellScriptBuildPhase section */

/* Begin PBXSourcesBuildPhase section */
		B6E3E13E215E48760041C076 /* Sources */ = {
			isa = PBXSourcesBuildPhase;
			buildActionMask = 2147483647;
			files = (
				B6EE1E01215E49B60088CBAF /* DeliveryDetails.swift in Sources */,
				B6EE1E02215E49B60088CBAF /* MainViewPresenter.swift in Sources */,
				B6EE1DFF215E49B60088CBAF /* Ehem.xcdatamodeld in Sources */,
				B6EE1DEC215E49500088CBAF /* ItemsReceivedDelegate.swift in Sources */,
				B6EE1DE6215E49080088CBAF /* Error.swift in Sources */,
				B6EE1DE8215E49180088CBAF /* NotificationNames.swift in Sources */,
				B6EE1E00215E49B60088CBAF /* MainViewController.swift in Sources */,
				B6E3E146215E48760041C076 /* AppDelegate.swift in Sources */,
				B6EE1DED215E49500088CBAF /* DeliveryItemTableViewCell.swift in Sources */,
			);
			runOnlyForDeploymentPostprocessing = 0;
		};
/* End PBXSourcesBuildPhase section */

/* Begin XCBuildConfiguration section */
		B6E3E155215E48760041C076 /* Debug */ = {
			isa = XCBuildConfiguration;
			buildSettings = {
				ALWAYS_SEARCH_USER_PATHS = NO;
				CLANG_ANALYZER_NONNULL = YES;
				CLANG_ANALYZER_NUMBER_OBJECT_CONVERSION = YES_AGGRESSIVE;
				CLANG_CXX_LANGUAGE_STANDARD = "gnu++14";
				CLANG_CXX_LIBRARY = "libc++";
				CLANG_ENABLE_MODULES = YES;
				CLANG_ENABLE_OBJC_ARC = YES;
				CLANG_ENABLE_OBJC_WEAK = YES;
				CLANG_WARN_BLOCK_CAPTURE_AUTORELEASING = YES;
				CLANG_WARN_BOOL_CONVERSION = YES;
				CLANG_WARN_COMMA = YES;
				CLANG_WARN_CONSTANT_CONVERSION = YES;
				CLANG_WARN_DEPRECATED_OBJC_IMPLEMENTATIONS = YES;
				CLANG_WARN_DIRECT_OBJC_ISA_USAGE = YES_ERROR;
				CLANG_WARN_DOCUMENTATION_COMMENTS = YES;
				CLANG_WARN_EMPTY_BODY = YES;
				CLANG_WARN_ENUM_CONVERSION = YES;
				CLANG_WARN_INFINITE_RECURSION = YES;
				CLANG_WARN_INT_CONVERSION = YES;
				CLANG_WARN_NON_LITERAL_NULL_CONVERSION = YES;
				CLANG_WARN_OBJC_IMPLICIT_RETAIN_SELF = YES;
				CLANG_WARN_OBJC_LITERAL_CONVERSION = YES;
				CLANG_WARN_OBJC_ROOT_CLASS = YES_ERROR;
				CLANG_WARN_RANGE_LOOP_ANALYSIS = YES;
				CLANG_WARN_STRICT_PROTOTYPES = YES;
				CLANG_WARN_SUSPICIOUS_MOVE = YES;
				CLANG_WARN_UNGUARDED_AVAILABILITY = YES_AGGRESSIVE;
				CLANG_WARN_UNREACHABLE_CODE = YES;
				CLANG_WARN__DUPLICATE_METHOD_MATCH = YES;
				CODE_SIGN_IDENTITY = "iPhone Developer";
				COPY_PHASE_STRIP = NO;
				DEBUG_INFORMATION_FORMAT = dwarf;
				ENABLE_STRICT_OBJC_MSGSEND = YES;
				ENABLE_TESTABILITY = YES;
				GCC_C_LANGUAGE_STANDARD = gnu11;
				GCC_DYNAMIC_NO_PIC = NO;
				GCC_NO_COMMON_BLOCKS = YES;
				GCC_OPTIMIZATION_LEVEL = 0;
				GCC_PREPROCESSOR_DEFINITIONS = (
					"DEBUG=1",
					"$(inherited)",
				);
				GCC_WARN_64_TO_32_BIT_CONVERSION = YES;
				GCC_WARN_ABOUT_RETURN_TYPE = YES_ERROR;
				GCC_WARN_UNDECLARED_SELECTOR = YES;
				GCC_WARN_UNINITIALIZED_AUTOS = YES_AGGRESSIVE;
				GCC_WARN_UNUSED_FUNCTION = YES;
				GCC_WARN_UNUSED_VARIABLE = YES;
				IPHONEOS_DEPLOYMENT_TARGET = 12.0;
				MTL_ENABLE_DEBUG_INFO = INCLUDE_SOURCE;
				MTL_FAST_MATH = YES;
				ONLY_ACTIVE_ARCH = YES;
				SDKROOT = iphoneos;
				SWIFT_ACTIVE_COMPILATION_CONDITIONS = DEBUG;
				SWIFT_OPTIMIZATION_LEVEL = "-Onone";
			};
			name = Debug;
		};
		B6E3E156215E48760041C076 /* Release */ = {
			isa = XCBuildConfiguration;
			buildSettings = {
				ALWAYS_SEARCH_USER_PATHS = NO;
				CLANG_ANALYZER_NONNULL = YES;
				CLANG_ANALYZER_NUMBER_OBJECT_CONVERSION = YES_AGGRESSIVE;
				CLANG_CXX_LANGUAGE_STANDARD = "gnu++14";
				CLANG_CXX_LIBRARY = "libc++";
				CLANG_ENABLE_MODULES = YES;
				CLANG_ENABLE_OBJC_ARC = YES;
				CLANG_ENABLE_OBJC_WEAK = YES;
				CLANG_WARN_BLOCK_CAPTURE_AUTORELEASING = YES;
				CLANG_WARN_BOOL_CONVERSION = YES;
				CLANG_WARN_COMMA = YES;
				CLANG_WARN_CONSTANT_CONVERSION = YES;
				CLANG_WARN_DEPRECATED_OBJC_IMPLEMENTATIONS = YES;
				CLANG_WARN_DIRECT_OBJC_ISA_USAGE = YES_ERROR;
				CLANG_WARN_DOCUMENTATION_COMMENTS = YES;
				CLANG_WARN_EMPTY_BODY = YES;
				CLANG_WARN_ENUM_CONVERSION = YES;
				CLANG_WARN_INFINITE_RECURSION = YES;
				CLANG_WARN_INT_CONVERSION = YES;
				CLANG_WARN_NON_LITERAL_NULL_CONVERSION = YES;
				CLANG_WARN_OBJC_IMPLICIT_RETAIN_SELF = YES;
				CLANG_WARN_OBJC_LITERAL_CONVERSION = YES;
				CLANG_WARN_OBJC_ROOT_CLASS = YES_ERROR;
				CLANG_WARN_RANGE_LOOP_ANALYSIS = YES;
				CLANG_WARN_STRICT_PROTOTYPES = YES;
				CLANG_WARN_SUSPICIOUS_MOVE = YES;
				CLANG_WARN_UNGUARDED_AVAILABILITY = YES_AGGRESSIVE;
				CLANG_WARN_UNREACHABLE_CODE = YES;
				CLANG_WARN__DUPLICATE_METHOD_MATCH = YES;
				CODE_SIGN_IDENTITY = "iPhone Developer";
				COPY_PHASE_STRIP = NO;
				DEBUG_INFORMATION_FORMAT = "dwarf-with-dsym";
				ENABLE_NS_ASSERTIONS = NO;
				ENABLE_STRICT_OBJC_MSGSEND = YES;
				GCC_C_LANGUAGE_STANDARD = gnu11;
				GCC_NO_COMMON_BLOCKS = YES;
				GCC_WARN_64_TO_32_BIT_CONVERSION = YES;
				GCC_WARN_ABOUT_RETURN_TYPE = YES_ERROR;
				GCC_WARN_UNDECLARED_SELECTOR = YES;
				GCC_WARN_UNINITIALIZED_AUTOS = YES_AGGRESSIVE;
				GCC_WARN_UNUSED_FUNCTION = YES;
				GCC_WARN_UNUSED_VARIABLE = YES;
				IPHONEOS_DEPLOYMENT_TARGET = 12.0;
				MTL_ENABLE_DEBUG_INFO = NO;
				MTL_FAST_MATH = YES;
				SDKROOT = iphoneos;
				SWIFT_COMPILATION_MODE = wholemodule;
				SWIFT_OPTIMIZATION_LEVEL = "-O";
				VALIDATE_PRODUCT = YES;
			};
			name = Release;
		};
		B6E3E158215E48760041C076 /* Debug */ = {
			isa = XCBuildConfiguration;
			baseConfigurationReference = F533A470B0CF5E0DDA84E64F /* Pods-Ehem.debug.xcconfig */;
			buildSettings = {
				ASSETCATALOG_COMPILER_APPICON_NAME = AppIcon;
				CODE_SIGN_STYLE = Automatic;
				DEVELOPMENT_TEAM = ESLQG6KHF4;
				INFOPLIST_FILE = Ehem/Info.plist;
				LD_RUNPATH_SEARCH_PATHS = (
					"$(inherited)",
					"@executable_path/Frameworks",
				);
				PRODUCT_BUNDLE_IDENTIFIER = com.Moussa.Tech.Ehem;
				PRODUCT_NAME = "$(TARGET_NAME)";
				SWIFT_VERSION = 4.2;
				TARGETED_DEVICE_FAMILY = "1,2";
			};
			name = Debug;
		};
		B6E3E159215E48760041C076 /* Release */ = {
			isa = XCBuildConfiguration;
			baseConfigurationReference = D42D2747485197FCC7D12DB9 /* Pods-Ehem.release.xcconfig */;
			buildSettings = {
				ASSETCATALOG_COMPILER_APPICON_NAME = AppIcon;
				CODE_SIGN_STYLE = Automatic;
				DEVELOPMENT_TEAM = ESLQG6KHF4;
				INFOPLIST_FILE = Ehem/Info.plist;
				LD_RUNPATH_SEARCH_PATHS = (
					"$(inherited)",
					"@executable_path/Frameworks",
				);
				PRODUCT_BUNDLE_IDENTIFIER = com.Moussa.Tech.Ehem;
				PRODUCT_NAME = "$(TARGET_NAME)";
				SWIFT_VERSION = 4.2;
				TARGETED_DEVICE_FAMILY = "1,2";
			};
			name = Release;
		};
/* End XCBuildConfiguration section */

/* Begin XCConfigurationList section */
		B6E3E13D215E48760041C076 /* Build configuration list for PBXProject "Ehem" */ = {
			isa = XCConfigurationList;
			buildConfigurations = (
				B6E3E155215E48760041C076 /* Debug */,
				B6E3E156215E48760041C076 /* Release */,
			);
			defaultConfigurationIsVisible = 0;
			defaultConfigurationName = Release;
		};
		B6E3E157215E48760041C076 /* Build configuration list for PBXNativeTarget "Ehem" */ = {
			isa = XCConfigurationList;
			buildConfigurations = (
				B6E3E158215E48760041C076 /* Debug */,
				B6E3E159215E48760041C076 /* Release */,
			);
			defaultConfigurationIsVisible = 0;
			defaultConfigurationName = Release;
		};
/* End XCConfigurationList section */

/* Begin XCVersionGroup section */
		B6EE1DF8215E49B60088CBAF /* Ehem.xcdatamodeld */ = {
			isa = XCVersionGroup;
			children = (
				B6EE1DF9215E49B60088CBAF /* Lalamove.xcdatamodel */,
			);
			currentVersion = B6EE1DF9215E49B60088CBAF /* Lalamove.xcdatamodel */;
			path = Ehem.xcdatamodeld;
			sourceTree = "<group>";
			versionGroupType = wrapper.xcdatamodel;
		};
/* End XCVersionGroup section */
	};
	rootObject = B6E3E13A215E48760041C076 /* Project object */;
}
